{
    "_meta": {
        "hash": {
            "sha256": "8e196f719f62eb6d577fffb2a487f8dd6aab311112f419ffe206257aa818d4f2"
        },
        "pipfile-spec": 6,
        "requires": {
            "python_version": "3.9"
        },
        "sources": [
            {
                "name": "pypi",
                "url": "https://pypi.org/simple",
                "verify_ssl": true
            }
        ]
    },
    "default": {
        "uvicorn": {
            "extras": [
                "standard"
            ],
            "version": "*"
        }
    },
    "develop": {}
}
